
Microsoft Visual Studio Solution File, Format Version 12.00
# Visual Studio 15
VisualStudioVersion = 15.0.28307.1209
MinimumVisualStudioVersion = 10.0.40219.1
Project("{8BC9CEB8-8B4A-11D0-8D11-00A0C91BC942}") = "Lesson2.2-QuadraticFormula", "Lesson2.2-QuadraticFormula\Lesson2.2-QuadraticFormula.vcxproj", "{32E23813-3F79-4FF8-9DD1-B78DE2D59A93}"
EndProject
Global
	GlobalSection(SolutionConfigurationPlatforms) = preSolution
		Debug|x64 = Debug|x64
		Debug|x86 = Debug|x86
		Release|x64 = Release|x64
		Release|x86 = Release|x86
	EndGlobalSection
	GlobalSection(ProjectConfigurationPlatforms) = postSolution
		{32E23813-3F79-4FF8-9DD1-B78DE2D59A93}.Debug|x64.ActiveCfg = Debug|x64
		{32E23813-3F79-4FF8-9DD1-B78DE2D59A93}.Debug|x64.Build.0 = Debug|x64
		{32E23813-3F79-4FF8-9DD1-B78DE2D59A93}.Debug|x86.ActiveCfg = Debug|Win32
		{32E23813-3F79-4FF8-9DD1-B78DE2D59A93}.Debug|x86.Build.0 = Debug|Win32
		{32E23813-3F79-4FF8-9DD1-B78DE2D59A93}.Release|x64.ActiveCfg = Release|x64
		{32E23813-3F79-4FF8-9DD1-B78DE2D59A93}.Release|x64.Build.0 = Release|x64
		{32E23813-3F79-4FF8-9DD1-B78DE2D59A93}.Release|x86.ActiveCfg = Release|Win32
		{32E23813-3F79-4FF8-9DD1-B78DE2D59A93}.Release|x86.Build.0 = Release|Win32
	EndGlobalSection
	GlobalSection(SolutionProperties) = preSolution
		HideSolutionNode = FALSE
	EndGlobalSection
	GlobalSection(ExtensibilityGlobals) = postSolution
		SolutionGuid = {68B7207A-A835-4CE2-93EC-80B27B8985B2}
	EndGlobalSection
EndGlobal
