
Microsoft Visual Studio Solution File, Format Version 12.00
# Visual Studio 15
VisualStudioVersion = 15.0.28307.1209
MinimumVisualStudioVersion = 10.0.40219.1
Project("{8BC9CEB8-8B4A-11D0-8D11-00A0C91BC942}") = "Lesson4.1-SimpleSquaresWhileLoop", "Lesson4.1-SimpleSquaresWhileLoop\Lesson4.1-SimpleSquaresWhileLoop.vcxproj", "{5CF6D6BE-A1B2-43BC-BF9F-94EBC7014620}"
EndProject
Global
	GlobalSection(SolutionConfigurationPlatforms) = preSolution
		Debug|x64 = Debug|x64
		Debug|x86 = Debug|x86
		Release|x64 = Release|x64
		Release|x86 = Release|x86
	EndGlobalSection
	GlobalSection(ProjectConfigurationPlatforms) = postSolution
		{5CF6D6BE-A1B2-43BC-BF9F-94EBC7014620}.Debug|x64.ActiveCfg = Debug|x64
		{5CF6D6BE-A1B2-43BC-BF9F-94EBC7014620}.Debug|x64.Build.0 = Debug|x64
		{5CF6D6BE-A1B2-43BC-BF9F-94EBC7014620}.Debug|x86.ActiveCfg = Debug|Win32
		{5CF6D6BE-A1B2-43BC-BF9F-94EBC7014620}.Debug|x86.Build.0 = Debug|Win32
		{5CF6D6BE-A1B2-43BC-BF9F-94EBC7014620}.Release|x64.ActiveCfg = Release|x64
		{5CF6D6BE-A1B2-43BC-BF9F-94EBC7014620}.Release|x64.Build.0 = Release|x64
		{5CF6D6BE-A1B2-43BC-BF9F-94EBC7014620}.Release|x86.ActiveCfg = Release|Win32
		{5CF6D6BE-A1B2-43BC-BF9F-94EBC7014620}.Release|x86.Build.0 = Release|Win32
	EndGlobalSection
	GlobalSection(SolutionProperties) = preSolution
		HideSolutionNode = FALSE
	EndGlobalSection
	GlobalSection(ExtensibilityGlobals) = postSolution
		SolutionGuid = {58A2A640-826E-47D3-B539-921A64AC7555}
	EndGlobalSection
EndGlobal
